
Microsoft Visual Studio Solution File, Format Version 12.00
# Visual Studio 2013
VisualStudioVersion = 12.0.21005.1
MinimumVisualStudioVersion = 10.0.40219.1
Project("{8BC9CEB8-8B4A-11D0-8D11-00A0C91BC942}") = "Ex1_02", "Ex1_02\Ex1_02.vcxproj", "{6EFC31FE-E7A5-4AE5-8BCF-5B914BD4ED13}"
EndProject
Global
	GlobalSection(SolutionConfigurationPlatforms) = preSolution
		Debug|Win32 = Debug|Win32
		Release|Win32 = Release|Win32
	EndGlobalSection
	GlobalSection(ProjectConfigurationPlatforms) = postSolution
		{6EFC31FE-E7A5-4AE5-8BCF-5B914BD4ED13}.Debug|Win32.ActiveCfg = Debug|Win32
		{6EFC31FE-E7A5-4AE5-8BCF-5B914BD4ED13}.Debug|Win32.Build.0 = Debug|Win32
		{6EFC31FE-E7A5-4AE5-8BCF-5B914BD4ED13}.Release|Win32.ActiveCfg = Release|Win32
		{6EFC31FE-E7A5-4AE5-8BCF-5B914BD4ED13}.Release|Win32.Build.0 = Release|Win32
	EndGlobalSection
	GlobalSection(SolutionProperties) = preSolution
		HideSolutionNode = FALSE
	EndGlobalSection
EndGlobal
